
Microsoft Visual Studio Solution File, Format Version 12.00
# Visual Studio Version 17
VisualStudioVersion = 17.4.33103.184
MinimumVisualStudioVersion = 10.0.40219.1
Project("{9A19103F-16F7-4668-BE54-9A1E7A4F7556}") = "KANBAN", "KANBAN.csproj", "{8784D92F-56C9-4035-807D-312469983F54}"
EndProject
Global
	GlobalSection(SolutionConfigurationPlatforms) = preSolution
		Debug|Any CPU = Debug|Any CPU
		Release|Any CPU = Release|Any CPU
	EndGlobalSection
	GlobalSection(ProjectConfigurationPlatforms) = postSolution
		{8784D92F-56C9-4035-807D-312469983F54}.Debug|Any CPU.ActiveCfg = Debug|Any CPU
		{8784D92F-56C9-4035-807D-312469983F54}.Debug|Any CPU.Build.0 = Debug|Any CPU
		{8784D92F-56C9-4035-807D-312469983F54}.Release|Any CPU.ActiveCfg = Release|Any CPU
		{8784D92F-56C9-4035-807D-312469983F54}.Release|Any CPU.Build.0 = Release|Any CPU
	EndGlobalSection
	GlobalSection(SolutionProperties) = preSolution
		HideSolutionNode = FALSE
	EndGlobalSection
	GlobalSection(ExtensibilityGlobals) = postSolution
		SolutionGuid = {AF6AA52D-9A66-4EF8-8A86-A745E310D2B5}
	EndGlobalSection
EndGlobal
